
Microsoft Visual Studio Solution File, Format Version 12.00
# Visual Studio Version 16
VisualStudioVersion = 16.0.30204.135
MinimumVisualStudioVersion = 10.0.40219.1
Project("{FAE04EC0-301F-11D3-BF4B-00C04F79EFBC}") = "Sales.Android", "Sales\Sales.Android\Sales.Android.csproj", "{2FAFFCB5-79C5-46C0-BEAA-CAF30004A3CC}"
EndProject
Project("{FAE04EC0-301F-11D3-BF4B-00C04F79EFBC}") = "Sales.iOS", "Sales\Sales.iOS\Sales.iOS.csproj", "{FA47715D-DDA0-47EB-AD64-C2322104AB35}"
EndProject
Project("{FAE04EC0-301F-11D3-BF4B-00C04F79EFBC}") = "Sales", "Sales\Sales\Sales.csproj", "{1DB98EC0-8332-4492-80F0-0EA1E5BDA3BE}"
EndProject
Project("{F184B08F-C81C-45F6-A57F-5ABD9991F28F}") = "Sales.Backend", "Sales.Backend\Sales.Backend.vbproj", "{4754FE45-7288-42BC-88BB-8B9B434E09DD}"
EndProject
Project("{F184B08F-C81C-45F6-A57F-5ABD9991F28F}") = "Sales.API", "Sales.API\Sales.API.vbproj", "{A2DF39A6-4F78-4F95-9223-51A67B901F2F}"
EndProject
Project("{FAE04EC0-301F-11D3-BF4B-00C04F79EFBC}") = "Sales.Domain", "Sales.Domain\Sales.Domain.csproj", "{FB6B7742-0188-42AB-970C-8EF8A81A0803}"
EndProject
Project("{FAE04EC0-301F-11D3-BF4B-00C04F79EFBC}") = "Sales.Common", "Sales.Common\Sales.Common.csproj", "{9D6B2A99-7DF3-4192-95C6-64552F0BFA73}"
EndProject
Global
	GlobalSection(SolutionConfigurationPlatforms) = preSolution
		Debug|Any CPU = Debug|Any CPU
		Debug|iPhone = Debug|iPhone
		Debug|iPhoneSimulator = Debug|iPhoneSimulator
		Release|Any CPU = Release|Any CPU
		Release|iPhone = Release|iPhone
		Release|iPhoneSimulator = Release|iPhoneSimulator
	EndGlobalSection
	GlobalSection(ProjectConfigurationPlatforms) = postSolution
		{2FAFFCB5-79C5-46C0-BEAA-CAF30004A3CC}.Debug|Any CPU.ActiveCfg = Debug|Any CPU
		{2FAFFCB5-79C5-46C0-BEAA-CAF30004A3CC}.Debug|Any CPU.Build.0 = Debug|Any CPU
		{2FAFFCB5-79C5-46C0-BEAA-CAF30004A3CC}.Debug|Any CPU.Deploy.0 = Debug|Any CPU
		{2FAFFCB5-79C5-46C0-BEAA-CAF30004A3CC}.Debug|iPhone.ActiveCfg = Debug|Any CPU
		{2FAFFCB5-79C5-46C0-BEAA-CAF30004A3CC}.Debug|iPhone.Build.0 = Debug|Any CPU
		{2FAFFCB5-79C5-46C0-BEAA-CAF30004A3CC}.Debug|iPhone.Deploy.0 = Debug|Any CPU
		{2FAFFCB5-79C5-46C0-BEAA-CAF30004A3CC}.Debug|iPhoneSimulator.ActiveCfg = Debug|Any CPU
		{2FAFFCB5-79C5-46C0-BEAA-CAF30004A3CC}.Debug|iPhoneSimulator.Build.0 = Debug|Any CPU
		{2FAFFCB5-79C5-46C0-BEAA-CAF30004A3CC}.Debug|iPhoneSimulator.Deploy.0 = Debug|Any CPU
		{2FAFFCB5-79C5-46C0-BEAA-CAF30004A3CC}.Release|Any CPU.ActiveCfg = Release|Any CPU
		{2FAFFCB5-79C5-46C0-BEAA-CAF30004A3CC}.Release|Any CPU.Build.0 = Release|Any CPU
		{2FAFFCB5-79C5-46C0-BEAA-CAF30004A3CC}.Release|Any CPU.Deploy.0 = Release|Any CPU
		{2FAFFCB5-79C5-46C0-BEAA-CAF30004A3CC}.Release|iPhone.ActiveCfg = Release|Any CPU
		{2FAFFCB5-79C5-46C0-BEAA-CAF30004A3CC}.Release|iPhone.Build.0 = Release|Any CPU
		{2FAFFCB5-79C5-46C0-BEAA-CAF30004A3CC}.Release|iPhone.Deploy.0 = Release|Any CPU
		{2FAFFCB5-79C5-46C0-BEAA-CAF30004A3CC}.Release|iPhoneSimulator.ActiveCfg = Release|Any CPU
		{2FAFFCB5-79C5-46C0-BEAA-CAF30004A3CC}.Release|iPhoneSimulator.Build.0 = Release|Any CPU
		{2FAFFCB5-79C5-46C0-BEAA-CAF30004A3CC}.Release|iPhoneSimulator.Deploy.0 = Release|Any CPU
		{FA47715D-DDA0-47EB-AD64-C2322104AB35}.Debug|Any CPU.ActiveCfg = Debug|iPhone
		{FA47715D-DDA0-47EB-AD64-C2322104AB35}.Debug|Any CPU.Build.0 = Debug|iPhone
		{FA47715D-DDA0-47EB-AD64-C2322104AB35}.Debug|Any CPU.Deploy.0 = Debug|iPhone
		{FA47715D-DDA0-47EB-AD64-C2322104AB35}.Debug|iPhone.ActiveCfg = Debug|iPhone
		{FA47715D-DDA0-47EB-AD64-C2322104AB35}.Debug|iPhone.Build.0 = Debug|iPhone
		{FA47715D-DDA0-47EB-AD64-C2322104AB35}.Debug|iPhone.Deploy.0 = Debug|iPhone
		{FA47715D-DDA0-47EB-AD64-C2322104AB35}.Debug|iPhoneSimulator.ActiveCfg = Debug|iPhoneSimulator
		{FA47715D-DDA0-47EB-AD64-C2322104AB35}.Debug|iPhoneSimulator.Build.0 = Debug|iPhoneSimulator
		{FA47715D-DDA0-47EB-AD64-C2322104AB35}.Debug|iPhoneSimulator.Deploy.0 = Debug|iPhoneSimulator
		{FA47715D-DDA0-47EB-AD64-C2322104AB35}.Release|Any CPU.ActiveCfg = Release|iPhone
		{FA47715D-DDA0-47EB-AD64-C2322104AB35}.Release|Any CPU.Build.0 = Release|iPhone
		{FA47715D-DDA0-47EB-AD64-C2322104AB35}.Release|Any CPU.Deploy.0 = Release|iPhone
		{FA47715D-DDA0-47EB-AD64-C2322104AB35}.Release|iPhone.ActiveCfg = Release|iPhone
		{FA47715D-DDA0-47EB-AD64-C2322104AB35}.Release|iPhone.Build.0 = Release|iPhone
		{FA47715D-DDA0-47EB-AD64-C2322104AB35}.Release|iPhone.Deploy.0 = Release|iPhone
		{FA47715D-DDA0-47EB-AD64-C2322104AB35}.Release|iPhoneSimulator.ActiveCfg = Release|iPhoneSimulator
		{FA47715D-DDA0-47EB-AD64-C2322104AB35}.Release|iPhoneSimulator.Build.0 = Release|iPhoneSimulator
		{FA47715D-DDA0-47EB-AD64-C2322104AB35}.Release|iPhoneSimulator.Deploy.0 = Release|iPhoneSimulator
		{1DB98EC0-8332-4492-80F0-0EA1E5BDA3BE}.Debug|Any CPU.ActiveCfg = Debug|Any CPU
		{1DB98EC0-8332-4492-80F0-0EA1E5BDA3BE}.Debug|Any CPU.Build.0 = Debug|Any CPU
		{1DB98EC0-8332-4492-80F0-0EA1E5BDA3BE}.Debug|Any CPU.Deploy.0 = Debug|Any CPU
		{1DB98EC0-8332-4492-80F0-0EA1E5BDA3BE}.Debug|iPhone.ActiveCfg = Debug|Any CPU
		{1DB98EC0-8332-4492-80F0-0EA1E5BDA3BE}.Debug|iPhone.Build.0 = Debug|Any CPU
		{1DB98EC0-8332-4492-80F0-0EA1E5BDA3BE}.Debug|iPhone.Deploy.0 = Debug|Any CPU
		{1DB98EC0-8332-4492-80F0-0EA1E5BDA3BE}.Debug|iPhoneSimulator.ActiveCfg = Debug|Any CPU
		{1DB98EC0-8332-4492-80F0-0EA1E5BDA3BE}.Debug|iPhoneSimulator.Build.0 = Debug|Any CPU
		{1DB98EC0-8332-4492-80F0-0EA1E5BDA3BE}.Debug|iPhoneSimulator.Deploy.0 = Debug|Any CPU
		{1DB98EC0-8332-4492-80F0-0EA1E5BDA3BE}.Release|Any CPU.ActiveCfg = Release|Any CPU
		{1DB98EC0-8332-4492-80F0-0EA1E5BDA3BE}.Release|Any CPU.Build.0 = Release|Any CPU
		{1DB98EC0-8332-4492-80F0-0EA1E5BDA3BE}.Release|Any CPU.Deploy.0 = Release|Any CPU
		{1DB98EC0-8332-4492-80F0-0EA1E5BDA3BE}.Release|iPhone.ActiveCfg = Release|Any CPU
		{1DB98EC0-8332-4492-80F0-0EA1E5BDA3BE}.Release|iPhone.Build.0 = Release|Any CPU
		{1DB98EC0-8332-4492-80F0-0EA1E5BDA3BE}.Release|iPhone.Deploy.0 = Release|Any CPU
		{1DB98EC0-8332-4492-80F0-0EA1E5BDA3BE}.Release|iPhoneSimulator.ActiveCfg = Release|Any CPU
		{1DB98EC0-8332-4492-80F0-0EA1E5BDA3BE}.Release|iPhoneSimulator.Build.0 = Release|Any CPU
		{1DB98EC0-8332-4492-80F0-0EA1E5BDA3BE}.Release|iPhoneSimulator.Deploy.0 = Release|Any CPU
		{4754FE45-7288-42BC-88BB-8B9B434E09DD}.Debug|Any CPU.ActiveCfg = Debug|Any CPU
		{4754FE45-7288-42BC-88BB-8B9B434E09DD}.Debug|Any CPU.Build.0 = Debug|Any CPU
		{4754FE45-7288-42BC-88BB-8B9B434E09DD}.Debug|iPhone.ActiveCfg = Debug|Any CPU
		{4754FE45-7288-42BC-88BB-8B9B434E09DD}.Debug|iPhone.Build.0 = Debug|Any CPU
		{4754FE45-7288-42BC-88BB-8B9B434E09DD}.Debug|iPhoneSimulator.ActiveCfg = Debug|Any CPU
		{4754FE45-7288-42BC-88BB-8B9B434E09DD}.Debug|iPhoneSimulator.Build.0 = Debug|Any CPU
		{4754FE45-7288-42BC-88BB-8B9B434E09DD}.Release|Any CPU.ActiveCfg = Release|Any CPU
		{4754FE45-7288-42BC-88BB-8B9B434E09DD}.Release|Any CPU.Build.0 = Release|Any CPU
		{4754FE45-7288-42BC-88BB-8B9B434E09DD}.Release|iPhone.ActiveCfg = Release|Any CPU
		{4754FE45-7288-42BC-88BB-8B9B434E09DD}.Release|iPhone.Build.0 = Release|Any CPU
		{4754FE45-7288-42BC-88BB-8B9B434E09DD}.Release|iPhoneSimulator.ActiveCfg = Release|Any CPU
		{4754FE45-7288-42BC-88BB-8B9B434E09DD}.Release|iPhoneSimulator.Build.0 = Release|Any CPU
		{A2DF39A6-4F78-4F95-9223-51A67B901F2F}.Debug|Any CPU.ActiveCfg = Debug|Any CPU
		{A2DF39A6-4F78-4F95-9223-51A67B901F2F}.Debug|Any CPU.Build.0 = Debug|Any CPU
		{A2DF39A6-4F78-4F95-9223-51A67B901F2F}.Debug|iPhone.ActiveCfg = Debug|Any CPU
		{A2DF39A6-4F78-4F95-9223-51A67B901F2F}.Debug|iPhone.Build.0 = Debug|Any CPU
		{A2DF39A6-4F78-4F95-9223-51A67B901F2F}.Debug|iPhoneSimulator.ActiveCfg = Debug|Any CPU
		{A2DF39A6-4F78-4F95-9223-51A67B901F2F}.Debug|iPhoneSimulator.Build.0 = Debug|Any CPU
		{A2DF39A6-4F78-4F95-9223-51A67B901F2F}.Release|Any CPU.ActiveCfg = Release|Any CPU
		{A2DF39A6-4F78-4F95-9223-51A67B901F2F}.Release|Any CPU.Build.0 = Release|Any CPU
		{A2DF39A6-4F78-4F95-9223-51A67B901F2F}.Release|iPhone.ActiveCfg = Release|Any CPU
		{A2DF39A6-4F78-4F95-9223-51A67B901F2F}.Release|iPhone.Build.0 = Release|Any CPU
		{A2DF39A6-4F78-4F95-9223-51A67B901F2F}.Release|iPhoneSimulator.ActiveCfg = Release|Any CPU
		{A2DF39A6-4F78-4F95-9223-51A67B901F2F}.Release|iPhoneSimulator.Build.0 = Release|Any CPU
		{FB6B7742-0188-42AB-970C-8EF8A81A0803}.Debug|Any CPU.ActiveCfg = Debug|Any CPU
		{FB6B7742-0188-42AB-970C-8EF8A81A0803}.Debug|Any CPU.Build.0 = Debug|Any CPU
		{FB6B7742-0188-42AB-970C-8EF8A81A0803}.Debug|iPhone.ActiveCfg = Debug|Any CPU
		{FB6B7742-0188-42AB-970C-8EF8A81A0803}.Debug|iPhone.Build.0 = Debug|Any CPU
		{FB6B7742-0188-42AB-970C-8EF8A81A0803}.Debug|iPhoneSimulator.ActiveCfg = Debug|Any CPU
		{FB6B7742-0188-42AB-970C-8EF8A81A0803}.Debug|iPhoneSimulator.Build.0 = Debug|Any CPU
		{FB6B7742-0188-42AB-970C-8EF8A81A0803}.Release|Any CPU.ActiveCfg = Release|Any CPU
		{FB6B7742-0188-42AB-970C-8EF8A81A0803}.Release|Any CPU.Build.0 = Release|Any CPU
		{FB6B7742-0188-42AB-970C-8EF8A81A0803}.Release|iPhone.ActiveCfg = Release|Any CPU
		{FB6B7742-0188-42AB-970C-8EF8A81A0803}.Release|iPhone.Build.0 = Release|Any CPU
		{FB6B7742-0188-42AB-970C-8EF8A81A0803}.Release|iPhoneSimulator.ActiveCfg = Release|Any CPU
		{FB6B7742-0188-42AB-970C-8EF8A81A0803}.Release|iPhoneSimulator.Build.0 = Release|Any CPU
		{9D6B2A99-7DF3-4192-95C6-64552F0BFA73}.Debug|Any CPU.ActiveCfg = Debug|Any CPU
		{9D6B2A99-7DF3-4192-95C6-64552F0BFA73}.Debug|Any CPU.Build.0 = Debug|Any CPU
		{9D6B2A99-7DF3-4192-95C6-64552F0BFA73}.Debug|iPhone.ActiveCfg = Debug|Any CPU
		{9D6B2A99-7DF3-4192-95C6-64552F0BFA73}.Debug|iPhone.Build.0 = Debug|Any CPU
		{9D6B2A99-7DF3-4192-95C6-64552F0BFA73}.Debug|iPhoneSimulator.ActiveCfg = Debug|Any CPU
		{9D6B2A99-7DF3-4192-95C6-64552F0BFA73}.Debug|iPhoneSimulator.Build.0 = Debug|Any CPU
		{9D6B2A99-7DF3-4192-95C6-64552F0BFA73}.Release|Any CPU.ActiveCfg = Release|Any CPU
		{9D6B2A99-7DF3-4192-95C6-64552F0BFA73}.Release|Any CPU.Build.0 = Release|Any CPU
		{9D6B2A99-7DF3-4192-95C6-64552F0BFA73}.Release|iPhone.ActiveCfg = Release|Any CPU
		{9D6B2A99-7DF3-4192-95C6-64552F0BFA73}.Release|iPhone.Build.0 = Release|Any CPU
		{9D6B2A99-7DF3-4192-95C6-64552F0BFA73}.Release|iPhoneSimulator.ActiveCfg = Release|Any CPU
		{9D6B2A99-7DF3-4192-95C6-64552F0BFA73}.Release|iPhoneSimulator.Build.0 = Release|Any CPU
	EndGlobalSection
	GlobalSection(SolutionProperties) = preSolution
		HideSolutionNode = FALSE
	EndGlobalSection
	GlobalSection(ExtensibilityGlobals) = postSolution
		SolutionGuid = {3409B2D6-95DE-448A-9747-6CBB81841955}
	EndGlobalSection
EndGlobal
